# THIS IS AN AUTOGENERATED FILE. DO NOT EDIT THIS FILE DIRECTLY.
# yarn lockfile v1


csv-generate@^2.0.2:
  version "2.0.2"
  resolved "https://registry.yarnpkg.com/csv-generate/-/csv-generate-2.0.2.tgz#1c26c52be318f1f0b6435f8df3d1249fb1503f4b"

csv-parse@^2.4.0:
  version "2.4.0"
  resolved "https://registry.yarnpkg.com/csv-parse/-/csv-parse-2.4.0.tgz#d4c72a1533734b2c2a65f486d13091264cacc115"

csv-stringify@^3.0.0:
  version "3.0.0"
  resolved "https://registry.yarnpkg.com/csv-stringify/-/csv-stringify-3.0.0.tgz#ed2b4eaae5a3be382309f7864168458970307d7f"
  dependencies:
    lodash.get "~4.4.2"

csv@^3.1.0:
  version "3.1.0"
  resolved "https://registry.yarnpkg.com/csv/-/csv-3.1.0.tgz#91ad8625e294bf37a5b366b84d01aa40b2d20f15"
  dependencies:
    csv-generate "^2.0.2"
    csv-parse "^2.4.0"
    csv-stringify "^3.0.0"
    stream-transform "^1.0.2"

lodash.get@~4.4.2:
  version "4.4.2"
  resolved "https://registry.yarnpkg.com/lodash.get/-/lodash.get-4.4.2.tgz#2d177f652fa31e939b4438d5341499dfa3825e99"

parse-address@^0.0.10:
  version "0.0.10"
  resolved "https://registry.yarnpkg.com/parse-address/-/parse-address-0.0.10.tgz#71c46948dcbca484c587e61cdf10f5816efe1ea2"
  dependencies:
    xregexp "^3.1.1"

stream-transform@^1.0.2:
  version "1.0.2"
  resolved "https://registry.yarnpkg.com/stream-transform/-/stream-transform-1.0.2.tgz#47de4d15fbc29b7e2a7e54d25e99538876f114c1"

xregexp@^3.1.1:
  version "3.2.0"
  resolved "https://registry.yarnpkg.com/xregexp/-/xregexp-3.2.0.tgz#cb3601987bfe2695b584000c18f1c4a8c322878e"
